{
  "nodes": {
    "coq-serapi": {
      "flake": false,
      "locked": {
        "lastModified": 1694791748,
        "narHash": "sha256-jZiczdF6Z0vYZBmzBLz2LYxurDieaiTAcvv1WgCJCns=",
        "owner": "ejgallego",
        "repo": "coq-serapi",
        "rev": "09236a5e96c578f3cf1931212fefbb99897ba093",
        "type": "github"
      },
      "original": {
        "owner": "ejgallego",
        "ref": "v8.18",
        "repo": "coq-serapi",
        "type": "github"
      }
    },
    "flake-compat": {
      "flake": false,
      "locked": {
        "lastModified": 1673956053,
        "narHash": "sha256-4gtG9iQuiKITOjNQQeQIpoIB6b16fm+504Ch3sNKLd8=",
        "owner": "edolstra",
        "repo": "flake-compat",
        "rev": "35bb57c0c8d8b62bbfd284272c928ceb64ddbde9",
        "type": "github"
      },
      "original": {
        "owner": "edolstra",
        "repo": "flake-compat",
        "type": "github"
      }
    },
    "flake-parts": {
      "inputs": {
        "nixpkgs-lib": "nixpkgs-lib"
      },
      "locked": {
        "lastModified": 1696203690,
        "narHash": "sha256-774XMEL7VHSTLDYVkqrbl5GCdmkVKsjMs+KLM4N4t7k=",
        "owner": "hercules-ci",
        "repo": "flake-parts",
        "rev": "21928e6758af0a258002647d14363d5ffc85545b",
        "type": "github"
      },
      "original": {
        "id": "flake-parts",
        "type": "indirect"
      }
    },
    "flake-utils": {
      "locked": {
        "lastModified": 1659877975,
        "narHash": "sha256-zllb8aq3YO3h8B/U0/J1WBgAL8EX5yWf5pMj3G0NAmc=",
        "owner": "numtide",
        "repo": "flake-utils",
        "rev": "c0e246b9b83f637f4681389ecabcb2681b4f3af0",
        "type": "github"
      },
      "original": {
        "owner": "numtide",
        "repo": "flake-utils",
        "type": "github"
      }
    },
    "napalm": {
      "inputs": {
        "flake-utils": "flake-utils",
        "nixpkgs": "nixpkgs"
      },
      "locked": {
        "lastModified": 1693989153,
        "narHash": "sha256-gx39Y3opGB25+44OjM+h1bdJyzgLD963va8ULGYlbhM=",
        "owner": "nix-community",
        "repo": "napalm",
        "rev": "a8215ccf1c80070f51a92771f3bc637dd9b9f7ee",
        "type": "github"
      },
      "original": {
        "owner": "nix-community",
        "repo": "napalm",
        "type": "github"
      }
    },
    "nixpkgs": {
      "locked": {
        "lastModified": 1663087123,
        "narHash": "sha256-cNIRkF/J4mRxDtNYw+9/fBNq/NOA2nCuPOa3EdIyeDs=",
        "owner": "NixOS",
        "repo": "nixpkgs",
        "rev": "9608ace7009ce5bc3aeb940095e01553e635cbc7",
        "type": "github"
      },
      "original": {
        "owner": "NixOS",
        "ref": "nixos-unstable",
        "repo": "nixpkgs",
        "type": "github"
      }
    },
    "nixpkgs-lib": {
      "locked": {
        "dir": "lib",
        "lastModified": 1696019113,
        "narHash": "sha256-X3+DKYWJm93DRSdC5M6K5hLqzSya9BjibtBsuARoPco=",
        "owner": "NixOS",
        "repo": "nixpkgs",
        "rev": "f5892ddac112a1e9b3612c39af1b72987ee5783a",
        "type": "github"
      },
      "original": {
        "dir": "lib",
        "owner": "NixOS",
        "ref": "nixos-unstable",
        "repo": "nixpkgs",
        "type": "github"
      }
    },
    "nixpkgs_2": {
      "locked": {
        "lastModified": 1696125185,
        "narHash": "sha256-zJTpVLKg5YhbNJdILfBzYGz9zhM4Cjs5ySaD3eVWcTA=",
        "owner": "NixOS",
        "repo": "nixpkgs",
        "rev": "0396d3b0fb7f62ddc79a506ad3e6124f01d2ed0a",
        "type": "github"
      },
      "original": {
        "owner": "NixOS",
        "ref": "nixpkgs-unstable",
        "repo": "nixpkgs",
        "type": "github"
      }
    },
    "nixpkgs_3": {
      "locked": {
        "lastModified": 1695644571,
        "narHash": "sha256-asS9dCCdlt1lPq0DLwkVBbVoEKuEuz+Zi3DG7pR/RxA=",
        "owner": "nixos",
        "repo": "nixpkgs",
        "rev": "6500b4580c2a1f3d0f980d32d285739d8e156d92",
        "type": "github"
      },
      "original": {
        "owner": "nixos",
        "ref": "nixos-unstable",
        "repo": "nixpkgs",
        "type": "github"
      }
    },
    "root": {
      "inputs": {
        "coq-serapi": "coq-serapi",
        "flake-compat": "flake-compat",
        "flake-parts": "flake-parts",
        "napalm": "napalm",
        "nixpkgs": "nixpkgs_2",
        "treefmt": "treefmt"
      }
    },
    "treefmt": {
      "inputs": {
        "nixpkgs": "nixpkgs_3"
      },
      "locked": {
        "lastModified": 1695822946,
        "narHash": "sha256-IQU3fYo0H+oGlqX5YrgZU3VRhbt2Oqe6KmslQKUO4II=",
        "owner": "numtide",
        "repo": "treefmt-nix",
        "rev": "720bd006d855b08e60664e4683ccddb7a9ff614a",
        "type": "github"
      },
      "original": {
        "owner": "numtide",
        "repo": "treefmt-nix",
        "type": "github"
      }
    }
  },
  "root": "root",
  "version": 7
}
