{
  "nodes": {
    "coq": {
      "flake": false,
      "locked": {
        "lastModified": 1676467671,
        "narHash": "sha256-3Raldx6C3d8gP0EU6lL9rjf+DGLWtSTLVdnFict07lg=",
        "owner": "ejgallego",
        "repo": "coq",
        "rev": "8e0314415cc3cd528fc81bf11075d294179f880a",
        "type": "github"
      },
      "original": {
        "owner": "ejgallego",
        "repo": "coq",
        "rev": "8e0314415cc3cd528fc81bf11075d294179f880a",
        "type": "github"
      }
    },
    "coq-serapi": {
      "flake": false,
      "locked": {
        "lastModified": 1676579089,
        "narHash": "sha256-4dK0Or4wrdZ8X2OorgNVqRMt4o2bWkOmctUD2B+v9PE=",
        "owner": "ejgallego",
        "repo": "coq-serapi",
        "rev": "9c8e91fdad0182675e0cad34bdeba54e63db86cd",
        "type": "github"
      },
      "original": {
        "owner": "ejgallego",
        "repo": "coq-serapi",
        "rev": "9c8e91fdad0182675e0cad34bdeba54e63db86cd",
        "type": "github"
      }
    },
    "flake-compat": {
      "flake": false,
      "locked": {
        "lastModified": 1673956053,
        "narHash": "sha256-4gtG9iQuiKITOjNQQeQIpoIB6b16fm+504Ch3sNKLd8=",
        "owner": "edolstra",
        "repo": "flake-compat",
        "rev": "35bb57c0c8d8b62bbfd284272c928ceb64ddbde9",
        "type": "github"
      },
      "original": {
        "owner": "edolstra",
        "repo": "flake-compat",
        "type": "github"
      }
    },
    "flake-parts": {
      "inputs": {
        "nixpkgs-lib": "nixpkgs-lib"
      },
      "locked": {
        "lastModified": 1675933616,
        "narHash": "sha256-/rczJkJHtx16IFxMmAWu5nNYcSXNg1YYXTHoGjLrLUA=",
        "owner": "hercules-ci",
        "repo": "flake-parts",
        "rev": "47478a4a003e745402acf63be7f9a092d51b83d7",
        "type": "github"
      },
      "original": {
        "id": "flake-parts",
        "type": "indirect"
      }
    },
    "flake-utils": {
      "locked": {
        "lastModified": 1659877975,
        "narHash": "sha256-zllb8aq3YO3h8B/U0/J1WBgAL8EX5yWf5pMj3G0NAmc=",
        "owner": "numtide",
        "repo": "flake-utils",
        "rev": "c0e246b9b83f637f4681389ecabcb2681b4f3af0",
        "type": "github"
      },
      "original": {
        "owner": "numtide",
        "repo": "flake-utils",
        "type": "github"
      }
    },
    "napalm": {
      "inputs": {
        "flake-utils": "flake-utils",
        "nixpkgs": "nixpkgs"
      },
      "locked": {
        "lastModified": 1672245824,
        "narHash": "sha256-i596lbPiA/Rfx3DiJiCluxdgxWY7oGSgYMT7OmM+zik=",
        "owner": "nix-community",
        "repo": "napalm",
        "rev": "7c25a05cef52dc405f4688422ce0046ca94aadcf",
        "type": "github"
      },
      "original": {
        "owner": "nix-community",
        "repo": "napalm",
        "type": "github"
      }
    },
    "nixpkgs": {
      "locked": {
        "lastModified": 1663087123,
        "narHash": "sha256-cNIRkF/J4mRxDtNYw+9/fBNq/NOA2nCuPOa3EdIyeDs=",
        "owner": "NixOS",
        "repo": "nixpkgs",
        "rev": "9608ace7009ce5bc3aeb940095e01553e635cbc7",
        "type": "github"
      },
      "original": {
        "owner": "NixOS",
        "ref": "nixos-unstable",
        "repo": "nixpkgs",
        "type": "github"
      }
    },
    "nixpkgs-lib": {
      "locked": {
        "dir": "lib",
        "lastModified": 1675183161,
        "narHash": "sha256-Zq8sNgAxDckpn7tJo7V1afRSk2eoVbu3OjI1QklGLNg=",
        "owner": "NixOS",
        "repo": "nixpkgs",
        "rev": "e1e1b192c1a5aab2960bf0a0bd53a2e8124fa18e",
        "type": "github"
      },
      "original": {
        "dir": "lib",
        "owner": "NixOS",
        "ref": "nixos-unstable",
        "repo": "nixpkgs",
        "type": "github"
      }
    },
    "nixpkgs_2": {
      "locked": {
        "lastModified": 1675763311,
        "narHash": "sha256-bz0Q2H3mxsF1CUfk26Sl9Uzi8/HFjGFD/moZHz1HebU=",
        "owner": "NixOS",
        "repo": "nixpkgs",
        "rev": "fab09085df1b60d6a0870c8a89ce26d5a4a708c2",
        "type": "github"
      },
      "original": {
        "owner": "NixOS",
        "ref": "nixos-unstable",
        "repo": "nixpkgs",
        "type": "github"
      }
    },
    "nixpkgs_3": {
      "locked": {
        "lastModified": 1675545634,
        "narHash": "sha256-TbQeQcM5TA/wIho6xtzG+inUfiGzUXi8ewwttiQWYJE=",
        "owner": "nixos",
        "repo": "nixpkgs",
        "rev": "0591d6b57bfeb55dfeec99a671843337bc2c3323",
        "type": "github"
      },
      "original": {
        "owner": "nixos",
        "ref": "nixos-unstable",
        "repo": "nixpkgs",
        "type": "github"
      }
    },
    "root": {
      "inputs": {
        "coq": "coq",
        "coq-serapi": "coq-serapi",
        "flake-compat": "flake-compat",
        "flake-parts": "flake-parts",
        "napalm": "napalm",
        "nixpkgs": "nixpkgs_2",
        "treefmt": "treefmt"
      }
    },
    "treefmt": {
      "inputs": {
        "nixpkgs": "nixpkgs_3"
      },
      "locked": {
        "lastModified": 1675939481,
        "narHash": "sha256-LwwcWeyExA02GGn8QCQfZjft+blg101OXBQWglCqPVA=",
        "owner": "numtide",
        "repo": "treefmt-nix",
        "rev": "e9033eca3d7139fd499f310023ddc3bb5abff515",
        "type": "github"
      },
      "original": {
        "owner": "numtide",
        "repo": "treefmt-nix",
        "type": "github"
      }
    }
  },
  "root": "root",
  "version": 7
}
